
Microsoft Visual Studio Solution File, Format Version 12.00
Project("{2150E333-8FDC-42A3-9474-1A3956D46DE8}") = "src", "src", "{53B79A7C-3E89-499A-AF34-9770176EF59F}"
EndProject
Project("{FAE04EC0-301F-11D3-BF4B-00C04F79EFBC}") = "CoffeeRoller.Desktop", "src\CoffeeRoller.Desktop\CoffeeRoller.Desktop.csproj", "{6C8A7334-C1BF-43D4-BB79-214BA2B5A7ED}"
EndProject
Project("{FAE04EC0-301F-11D3-BF4B-00C04F79EFBC}") = "CoffeeRoller", "src\CoffeeRoller\CoffeeRoller.csproj", "{0E5CF61C-8F45-4AC6-9CDF-22DC61A6BFEF}"
EndProject
Project("{FAE04EC0-301F-11D3-BF4B-00C04F79EFBC}") = "CoffeeRoller.Web", "src\CoffeeRoller.Web\CoffeeRoller.Web.csproj", "{F029F7BC-F76E-4282-AE26-BBB02B35A989}"
EndProject
Global
	GlobalSection(SolutionConfigurationPlatforms) = preSolution
		Debug|Any CPU = Debug|Any CPU
		Release|Any CPU = Release|Any CPU
	EndGlobalSection
	GlobalSection(ProjectConfigurationPlatforms) = postSolution
		{6C8A7334-C1BF-43D4-BB79-214BA2B5A7ED}.Debug|Any CPU.ActiveCfg = Debug|Any CPU
		{6C8A7334-C1BF-43D4-BB79-214BA2B5A7ED}.Debug|Any CPU.Build.0 = Debug|Any CPU
		{6C8A7334-C1BF-43D4-BB79-214BA2B5A7ED}.Release|Any CPU.ActiveCfg = Release|Any CPU
		{6C8A7334-C1BF-43D4-BB79-214BA2B5A7ED}.Release|Any CPU.Build.0 = Release|Any CPU
		{0E5CF61C-8F45-4AC6-9CDF-22DC61A6BFEF}.Debug|Any CPU.ActiveCfg = Debug|Any CPU
		{0E5CF61C-8F45-4AC6-9CDF-22DC61A6BFEF}.Debug|Any CPU.Build.0 = Debug|Any CPU
		{0E5CF61C-8F45-4AC6-9CDF-22DC61A6BFEF}.Release|Any CPU.ActiveCfg = Release|Any CPU
		{0E5CF61C-8F45-4AC6-9CDF-22DC61A6BFEF}.Release|Any CPU.Build.0 = Release|Any CPU
		{F029F7BC-F76E-4282-AE26-BBB02B35A989}.Debug|Any CPU.ActiveCfg = Debug|Any CPU
		{F029F7BC-F76E-4282-AE26-BBB02B35A989}.Debug|Any CPU.Build.0 = Debug|Any CPU
		{F029F7BC-F76E-4282-AE26-BBB02B35A989}.Release|Any CPU.ActiveCfg = Release|Any CPU
		{F029F7BC-F76E-4282-AE26-BBB02B35A989}.Release|Any CPU.Build.0 = Release|Any CPU
	EndGlobalSection
	GlobalSection(NestedProjects) = preSolution
		{6C8A7334-C1BF-43D4-BB79-214BA2B5A7ED} = {53B79A7C-3E89-499A-AF34-9770176EF59F}
		{0E5CF61C-8F45-4AC6-9CDF-22DC61A6BFEF} = {53B79A7C-3E89-499A-AF34-9770176EF59F}
		{F029F7BC-F76E-4282-AE26-BBB02B35A989} = {53B79A7C-3E89-499A-AF34-9770176EF59F}
	EndGlobalSection
EndGlobal
